// !$*UTF8*$!
{
	archiveVersion = 1;
	classes = {
	};
	objectVersion = 50;
	objects = {

/* Begin PBXBuildFile section */
		8808BCA823C86F7A00E65E64 /* CloudVision.swift in Sources */ = {isa = PBXBuildFile; fileRef = 8808BCA723C86F7A00E65E64 /* CloudVision.swift */; };
		8808BCAA23C88FCC00E65E64 /* MainWindow.swift in Sources */ = {isa = PBXBuildFile; fileRef = 8808BCA923C88FCC00E65E64 /* MainWindow.swift */; };
		88CF0A8122465E3500CA6CFC /* AppDelegate.swift in Sources */ = {isa = PBXBuildFile; fileRef = 88CF0A8022465E3500CA6CFC /* AppDelegate.swift */; };
		88CF0A8322465E3600CA6CFC /* Assets.xcassets in Resources */ = {isa = PBXBuildFile; fileRef = 88CF0A8222465E3600CA6CFC /* Assets.xcassets */; };
		88CF0A8622465E3600CA6CFC /* MainMenu.xib in Resources */ = {isa = PBXBuildFile; fileRef = 88CF0A8422465E3600CA6CFC /* MainMenu.xib */; };
		88CF0A9222465E3700CA6CFC /* gyatTests.swift in Sources */ = {isa = PBXBuildFile; fileRef = 88CF0A9122465E3700CA6CFC /* gyatTests.swift */; };
		88CF0A9D2246701900CA6CFC /* main.rb in Resources */ = {isa = PBXBuildFile; fileRef = 88CF0A9C2246701900CA6CFC /* main.rb */; };
		88E138FF23CC5CCF00CD20AB /* Api.swift in Sources */ = {isa = PBXBuildFile; fileRef = 88E138FE23CC5CCF00CD20AB /* Api.swift */; };
/* End PBXBuildFile section */

/* Begin PBXContainerItemProxy section */
		88CF0A8E22465E3700CA6CFC /* PBXContainerItemProxy */ = {
			isa = PBXContainerItemProxy;
			containerPortal = 88CF0A7522465E3500CA6CFC /* Project object */;
			proxyType = 1;
			remoteGlobalIDString = 88CF0A7C22465E3500CA6CFC;
			remoteInfo = gyat;
		};
/* End PBXContainerItemProxy section */

/* Begin PBXFileReference section */
		8808BCA723C86F7A00E65E64 /* CloudVision.swift */ = {isa = PBXFileReference; lastKnownFileType = sourcecode.swift; path = CloudVision.swift; sourceTree = "<group>"; };
		8808BCA923C88FCC00E65E64 /* MainWindow.swift */ = {isa = PBXFileReference; lastKnownFileType = sourcecode.swift; path = MainWindow.swift; sourceTree = "<group>"; };
		88CF0A7D22465E3500CA6CFC /* gyat.app */ = {isa = PBXFileReference; explicitFileType = wrapper.application; includeInIndex = 0; path = gyat.app; sourceTree = BUILT_PRODUCTS_DIR; };
		88CF0A8022465E3500CA6CFC /* AppDelegate.swift */ = {isa = PBXFileReference; lastKnownFileType = sourcecode.swift; path = AppDelegate.swift; sourceTree = "<group>"; };
		88CF0A8222465E3600CA6CFC /* Assets.xcassets */ = {isa = PBXFileReference; lastKnownFileType = folder.assetcatalog; path = Assets.xcassets; sourceTree = "<group>"; };
		88CF0A8522465E3600CA6CFC /* Base */ = {isa = PBXFileReference; lastKnownFileType = file.xib; name = Base; path = Base.lproj/MainMenu.xib; sourceTree = "<group>"; };
		88CF0A8722465E3600CA6CFC /* Info.plist */ = {isa = PBXFileReference; lastKnownFileType = text.plist.xml; path = Info.plist; sourceTree = "<group>"; };
		88CF0A8822465E3600CA6CFC /* gyat.entitlements */ = {isa = PBXFileReference; lastKnownFileType = text.plist.entitlements; path = gyat.entitlements; sourceTree = "<group>"; };
		88CF0A8D22465E3700CA6CFC /* gyatTests.xctest */ = {isa = PBXFileReference; explicitFileType = wrapper.cfbundle; includeInIndex = 0; path = gyatTests.xctest; sourceTree = BUILT_PRODUCTS_DIR; };
		88CF0A9122465E3700CA6CFC /* gyatTests.swift */ = {isa = PBXFileReference; lastKnownFileType = sourcecode.swift; path = gyatTests.swift; sourceTree = "<group>"; };
		88CF0A9322465E3700CA6CFC /* Info.plist */ = {isa = PBXFileReference; lastKnownFileType = text.plist.xml; path = Info.plist; sourceTree = "<group>"; };
		88CF0A9C2246701900CA6CFC /* main.rb */ = {isa = PBXFileReference; fileEncoding = 4; lastKnownFileType = text.script.ruby; path = main.rb; sourceTree = "<group>"; };
		88E138FE23CC5CCF00CD20AB /* Api.swift */ = {isa = PBXFileReference; lastKnownFileType = sourcecode.swift; path = Api.swift; sourceTree = "<group>"; };
/* End PBXFileReference section */

/* Begin PBXFrameworksBuildPhase section */
		88CF0A7A22465E3500CA6CFC /* Frameworks */ = {
			isa = PBXFrameworksBuildPhase;
			buildActionMask = 2147483647;
			files = (
			);
			runOnlyForDeploymentPostprocessing = 0;
		};
		88CF0A8A22465E3700CA6CFC /* Frameworks */ = {
			isa = PBXFrameworksBuildPhase;
			buildActionMask = 2147483647;
			files = (
			);
			runOnlyForDeploymentPostprocessing = 0;
		};
/* End PBXFrameworksBuildPhase section */

/* Begin PBXGroup section */
		88CF0A7422465E3500CA6CFC = {
			isa = PBXGroup;
			children = (
				88CF0A7F22465E3500CA6CFC /* gyat */,
				88CF0A9022465E3700CA6CFC /* gyatTests */,
				88CF0A7E22465E3500CA6CFC /* Products */,
			);
			sourceTree = "<group>";
		};
		88CF0A7E22465E3500CA6CFC /* Products */ = {
			isa = PBXGroup;
			children = (
				88CF0A7D22465E3500CA6CFC /* gyat.app */,
				88CF0A8D22465E3700CA6CFC /* gyatTests.xctest */,
			);
			name = Products;
			sourceTree = "<group>";
		};
		88CF0A7F22465E3500CA6CFC /* gyat */ = {
			isa = PBXGroup;
			children = (
				88CF0A8022465E3500CA6CFC /* AppDelegate.swift */,
				8808BCA723C86F7A00E65E64 /* CloudVision.swift */,
				88E138FE23CC5CCF00CD20AB /* Api.swift */,
				88CF0A8222465E3600CA6CFC /* Assets.xcassets */,
				88CF0A8422465E3600CA6CFC /* MainMenu.xib */,
				8808BCA923C88FCC00E65E64 /* MainWindow.swift */,
				88CF0A8722465E3600CA6CFC /* Info.plist */,
				88CF0A8822465E3600CA6CFC /* gyat.entitlements */,
				88CF0A9C2246701900CA6CFC /* main.rb */,
			);
			path = gyat;
			sourceTree = "<group>";
		};
		88CF0A9022465E3700CA6CFC /* gyatTests */ = {
			isa = PBXGroup;
			children = (
				88CF0A9122465E3700CA6CFC /* gyatTests.swift */,
				88CF0A9322465E3700CA6CFC /* Info.plist */,
			);
			path = gyatTests;
			sourceTree = "<group>";
		};
/* End PBXGroup section */

/* Begin PBXNativeTarget section */
		88CF0A7C22465E3500CA6CFC /* gyat */ = {
			isa = PBXNativeTarget;
			buildConfigurationList = 88CF0A9622465E3700CA6CFC /* Build configuration list for PBXNativeTarget "gyat" */;
			buildPhases = (
				88CF0A7922465E3500CA6CFC /* Sources */,
				88CF0A7A22465E3500CA6CFC /* Frameworks */,
				88CF0A7B22465E3500CA6CFC /* Resources */,
			);
			buildRules = (
			);
			dependencies = (
			);
			name = gyat;
			productName = gyat;
			productReference = 88CF0A7D22465E3500CA6CFC /* gyat.app */;
			productType = "com.apple.product-type.application";
		};
		88CF0A8C22465E3700CA6CFC /* gyatTests */ = {
			isa = PBXNativeTarget;
			buildConfigurationList = 88CF0A9922465E3700CA6CFC /* Build configuration list for PBXNativeTarget "gyatTests" */;
			buildPhases = (
				88CF0A8922465E3700CA6CFC /* Sources */,
				88CF0A8A22465E3700CA6CFC /* Frameworks */,
				88CF0A8B22465E3700CA6CFC /* Resources */,
			);
			buildRules = (
			);
			dependencies = (
				88CF0A8F22465E3700CA6CFC /* PBXTargetDependency */,
			);
			name = gyatTests;
			productName = gyatTests;
			productReference = 88CF0A8D22465E3700CA6CFC /* gyatTests.xctest */;
			productType = "com.apple.product-type.bundle.unit-test";
		};
/* End PBXNativeTarget section */

/* Begin PBXProject section */
		88CF0A7522465E3500CA6CFC /* Project object */ = {
			isa = PBXProject;
			attributes = {
				LastSwiftUpdateCheck = 1010;
				LastUpgradeCheck = 1010;
				ORGANIZATIONNAME = "ku KUMAGAI Kentaro";
				TargetAttributes = {
					88CF0A7C22465E3500CA6CFC = {
						CreatedOnToolsVersion = 10.1;
					};
					88CF0A8C22465E3700CA6CFC = {
						CreatedOnToolsVersion = 10.1;
						TestTargetID = 88CF0A7C22465E3500CA6CFC;
					};
				};
			};
			buildConfigurationList = 88CF0A7822465E3500CA6CFC /* Build configuration list for PBXProject "gyat" */;
			compatibilityVersion = "Xcode 9.3";
			developmentRegion = en;
			hasScannedForEncodings = 0;
			knownRegions = (
				en,
				Base,
			);
			mainGroup = 88CF0A7422465E3500CA6CFC;
			productRefGroup = 88CF0A7E22465E3500CA6CFC /* Products */;
			projectDirPath = "";
			projectRoot = "";
			targets = (
				88CF0A7C22465E3500CA6CFC /* gyat */,
				88CF0A8C22465E3700CA6CFC /* gyatTests */,
			);
		};
/* End PBXProject section */

/* Begin PBXResourcesBuildPhase section */
		88CF0A7B22465E3500CA6CFC /* Resources */ = {
			isa = PBXResourcesBuildPhase;
			buildActionMask = 2147483647;
			files = (
				88CF0A9D2246701900CA6CFC /* main.rb in Resources */,
				88CF0A8322465E3600CA6CFC /* Assets.xcassets in Resources */,
				88CF0A8622465E3600CA6CFC /* MainMenu.xib in Resources */,
			);
			runOnlyForDeploymentPostprocessing = 0;
		};
		88CF0A8B22465E3700CA6CFC /* Resources */ = {
			isa = PBXResourcesBuildPhase;
			buildActionMask = 2147483647;
			files = (
			);
			runOnlyForDeploymentPostprocessing = 0;
		};
/* End PBXResourcesBuildPhase section */

/* Begin PBXSourcesBuildPhase section */
		88CF0A7922465E3500CA6CFC /* Sources */ = {
			isa = PBXSourcesBuildPhase;
			buildActionMask = 2147483647;
			files = (
				88CF0A8122465E3500CA6CFC /* AppDelegate.swift in Sources */,
				8808BCAA23C88FCC00E65E64 /* MainWindow.swift in Sources */,
				88E138FF23CC5CCF00CD20AB /* Api.swift in Sources */,
				8808BCA823C86F7A00E65E64 /* CloudVision.swift in Sources */,
			);
			runOnlyForDeploymentPostprocessing = 0;
		};
		88CF0A8922465E3700CA6CFC /* Sources */ = {
			isa = PBXSourcesBuildPhase;
			buildActionMask = 2147483647;
			files = (
				88CF0A9222465E3700CA6CFC /* gyatTests.swift in Sources */,
			);
			runOnlyForDeploymentPostprocessing = 0;
		};
/* End PBXSourcesBuildPhase section */

/* Begin PBXTargetDependency section */
		88CF0A8F22465E3700CA6CFC /* PBXTargetDependency */ = {
			isa = PBXTargetDependency;
			target = 88CF0A7C22465E3500CA6CFC /* gyat */;
			targetProxy = 88CF0A8E22465E3700CA6CFC /* PBXContainerItemProxy */;
		};
/* End PBXTargetDependency section */

/* Begin PBXVariantGroup section */
		88CF0A8422465E3600CA6CFC /* MainMenu.xib */ = {
			isa = PBXVariantGroup;
			children = (
				88CF0A8522465E3600CA6CFC /* Base */,
			);
			name = MainMenu.xib;
			sourceTree = "<group>";
		};
/* End PBXVariantGroup section */

/* Begin XCBuildConfiguration section */
		88CF0A9422465E3700CA6CFC /* Debug */ = {
			isa = XCBuildConfiguration;
			buildSettings = {
				ALWAYS_SEARCH_USER_PATHS = NO;
				CLANG_ANALYZER_NONNULL = YES;
				CLANG_ANALYZER_NUMBER_OBJECT_CONVERSION = YES_AGGRESSIVE;
				CLANG_CXX_LANGUAGE_STANDARD = "gnu++14";
				CLANG_CXX_LIBRARY = "libc++";
				CLANG_ENABLE_MODULES = YES;
				CLANG_ENABLE_OBJC_ARC = YES;
				CLANG_ENABLE_OBJC_WEAK = YES;
				CLANG_WARN_BLOCK_CAPTURE_AUTORELEASING = YES;
				CLANG_WARN_BOOL_CONVERSION = YES;
				CLANG_WARN_COMMA = YES;
				CLANG_WARN_CONSTANT_CONVERSION = YES;
				CLANG_WARN_DEPRECATED_OBJC_IMPLEMENTATIONS = YES;
				CLANG_WARN_DIRECT_OBJC_ISA_USAGE = YES_ERROR;
				CLANG_WARN_DOCUMENTATION_COMMENTS = YES;
				CLANG_WARN_EMPTY_BODY = YES;
				CLANG_WARN_ENUM_CONVERSION = YES;
				CLANG_WARN_INFINITE_RECURSION = YES;
				CLANG_WARN_INT_CONVERSION = YES;
				CLANG_WARN_NON_LITERAL_NULL_CONVERSION = YES;
				CLANG_WARN_OBJC_IMPLICIT_RETAIN_SELF = YES;
				CLANG_WARN_OBJC_LITERAL_CONVERSION = YES;
				CLANG_WARN_OBJC_ROOT_CLASS = YES_ERROR;
				CLANG_WARN_RANGE_LOOP_ANALYSIS = YES;
				CLANG_WARN_STRICT_PROTOTYPES = YES;
				CLANG_WARN_SUSPICIOUS_MOVE = YES;
				CLANG_WARN_UNGUARDED_AVAILABILITY = YES_AGGRESSIVE;
				CLANG_WARN_UNREACHABLE_CODE = YES;
				CLANG_WARN__DUPLICATE_METHOD_MATCH = YES;
				CODE_SIGN_IDENTITY = "-";
				COPY_PHASE_STRIP = NO;
				DEBUG_INFORMATION_FORMAT = dwarf;
				ENABLE_STRICT_OBJC_MSGSEND = YES;
				ENABLE_TESTABILITY = YES;
				GCC_C_LANGUAGE_STANDARD = gnu11;
				GCC_DYNAMIC_NO_PIC = NO;
				GCC_NO_COMMON_BLOCKS = YES;
				GCC_OPTIMIZATION_LEVEL = 0;
				GCC_PREPROCESSOR_DEFINITIONS = (
					"DEBUG=1",
					"$(inherited)",
				);
				GCC_WARN_64_TO_32_BIT_CONVERSION = YES;
				GCC_WARN_ABOUT_RETURN_TYPE = YES_ERROR;
				GCC_WARN_UNDECLARED_SELECTOR = YES;
				GCC_WARN_UNINITIALIZED_AUTOS = YES_AGGRESSIVE;
				GCC_WARN_UNUSED_FUNCTION = YES;
				GCC_WARN_UNUSED_VARIABLE = YES;
				MACOSX_DEPLOYMENT_TARGET = 10.14;
				MTL_ENABLE_DEBUG_INFO = INCLUDE_SOURCE;
				MTL_FAST_MATH = YES;
				ONLY_ACTIVE_ARCH = YES;
				SDKROOT = macosx;
				SWIFT_ACTIVE_COMPILATION_CONDITIONS = DEBUG;
				SWIFT_OPTIMIZATION_LEVEL = "-Onone";
			};
			name = Debug;
		};
		88CF0A9522465E3700CA6CFC /* Release */ = {
			isa = XCBuildConfiguration;
			buildSettings = {
				ALWAYS_SEARCH_USER_PATHS = NO;
				CLANG_ANALYZER_NONNULL = YES;
				CLANG_ANALYZER_NUMBER_OBJECT_CONVERSION = YES_AGGRESSIVE;
				CLANG_CXX_LANGUAGE_STANDARD = "gnu++14";
				CLANG_CXX_LIBRARY = "libc++";
				CLANG_ENABLE_MODULES = YES;
				CLANG_ENABLE_OBJC_ARC = YES;
				CLANG_ENABLE_OBJC_WEAK = YES;
				CLANG_WARN_BLOCK_CAPTURE_AUTORELEASING = YES;
				CLANG_WARN_BOOL_CONVERSION = YES;
				CLANG_WARN_COMMA = YES;
				CLANG_WARN_CONSTANT_CONVERSION = YES;
				CLANG_WARN_DEPRECATED_OBJC_IMPLEMENTATIONS = YES;
				CLANG_WARN_DIRECT_OBJC_ISA_USAGE = YES_ERROR;
				CLANG_WARN_DOCUMENTATION_COMMENTS = YES;
				CLANG_WARN_EMPTY_BODY = YES;
				CLANG_WARN_ENUM_CONVERSION = YES;
				CLANG_WARN_INFINITE_RECURSION = YES;
				CLANG_WARN_INT_CONVERSION = YES;
				CLANG_WARN_NON_LITERAL_NULL_CONVERSION = YES;
				CLANG_WARN_OBJC_IMPLICIT_RETAIN_SELF = YES;
				CLANG_WARN_OBJC_LITERAL_CONVERSION = YES;
				CLANG_WARN_OBJC_ROOT_CLASS = YES_ERROR;
				CLANG_WARN_RANGE_LOOP_ANALYSIS = YES;
				CLANG_WARN_STRICT_PROTOTYPES = YES;
				CLANG_WARN_SUSPICIOUS_MOVE = YES;
				CLANG_WARN_UNGUARDED_AVAILABILITY = YES_AGGRESSIVE;
				CLANG_WARN_UNREACHABLE_CODE = YES;
				CLANG_WARN__DUPLICATE_METHOD_MATCH = YES;
				CODE_SIGN_IDENTITY = "-";
				COPY_PHASE_STRIP = NO;
				DEBUG_INFORMATION_FORMAT = "dwarf-with-dsym";
				ENABLE_NS_ASSERTIONS = NO;
				ENABLE_STRICT_OBJC_MSGSEND = YES;
				GCC_C_LANGUAGE_STANDARD = gnu11;
				GCC_NO_COMMON_BLOCKS = YES;
				GCC_WARN_64_TO_32_BIT_CONVERSION = YES;
				GCC_WARN_ABOUT_RETURN_TYPE = YES_ERROR;
				GCC_WARN_UNDECLARED_SELECTOR = YES;
				GCC_WARN_UNINITIALIZED_AUTOS = YES_AGGRESSIVE;
				GCC_WARN_UNUSED_FUNCTION = YES;
				GCC_WARN_UNUSED_VARIABLE = YES;
				MACOSX_DEPLOYMENT_TARGET = 10.14;
				MTL_ENABLE_DEBUG_INFO = NO;
				MTL_FAST_MATH = YES;
				SDKROOT = macosx;
				SWIFT_COMPILATION_MODE = wholemodule;
				SWIFT_OPTIMIZATION_LEVEL = "-O";
			};
			name = Release;
		};
		88CF0A9722465E3700CA6CFC /* Debug */ = {
			isa = XCBuildConfiguration;
			buildSettings = {
				ASSETCATALOG_COMPILER_APPICON_NAME = AppIcon;
				CODE_SIGN_ENTITLEMENTS = gyat/gyat.entitlements;
				CODE_SIGN_STYLE = Automatic;
				COMBINE_HIDPI_IMAGES = YES;
				INFOPLIST_FILE = gyat/Info.plist;
				LD_RUNPATH_SEARCH_PATHS = (
					"$(inherited)",
					"@executable_path/../Frameworks",
				);
				MACOSX_DEPLOYMENT_TARGET = 10.15;
				PRODUCT_BUNDLE_IDENTIFIER = nu.ido.ku.gyat;
				PRODUCT_NAME = "$(TARGET_NAME)";
				SWIFT_VERSION = 4.2;
			};
			name = Debug;
		};
		88CF0A9822465E3700CA6CFC /* Release */ = {
			isa = XCBuildConfiguration;
			buildSettings = {
				ASSETCATALOG_COMPILER_APPICON_NAME = AppIcon;
				CODE_SIGN_ENTITLEMENTS = gyat/gyat.entitlements;
				CODE_SIGN_STYLE = Automatic;
				COMBINE_HIDPI_IMAGES = YES;
				INFOPLIST_FILE = gyat/Info.plist;
				LD_RUNPATH_SEARCH_PATHS = (
					"$(inherited)",
					"@executable_path/../Frameworks",
				);
				MACOSX_DEPLOYMENT_TARGET = 10.15;
				PRODUCT_BUNDLE_IDENTIFIER = nu.ido.ku.gyat;
				PRODUCT_NAME = "$(TARGET_NAME)";
				SWIFT_VERSION = 4.2;
			};
			name = Release;
		};
		88CF0A9A22465E3700CA6CFC /* Debug */ = {
			isa = XCBuildConfiguration;
			buildSettings = {
				ALWAYS_EMBED_SWIFT_STANDARD_LIBRARIES = YES;
				BUNDLE_LOADER = "$(TEST_HOST)";
				CODE_SIGN_STYLE = Automatic;
				COMBINE_HIDPI_IMAGES = YES;
				INFOPLIST_FILE = gyatTests/Info.plist;
				LD_RUNPATH_SEARCH_PATHS = (
					"$(inherited)",
					"@executable_path/../Frameworks",
					"@loader_path/../Frameworks",
				);
				PRODUCT_BUNDLE_IDENTIFIER = nu.ido.ku.gyatTests;
				PRODUCT_NAME = "$(TARGET_NAME)";
				SWIFT_VERSION = 4.2;
				TEST_HOST = "$(BUILT_PRODUCTS_DIR)/gyat.app/Contents/MacOS/gyat";
			};
			name = Debug;
		};
		88CF0A9B22465E3700CA6CFC /* Release */ = {
			isa = XCBuildConfiguration;
			buildSettings = {
				ALWAYS_EMBED_SWIFT_STANDARD_LIBRARIES = YES;
				BUNDLE_LOADER = "$(TEST_HOST)";
				CODE_SIGN_STYLE = Automatic;
				COMBINE_HIDPI_IMAGES = YES;
				INFOPLIST_FILE = gyatTests/Info.plist;
				LD_RUNPATH_SEARCH_PATHS = (
					"$(inherited)",
					"@executable_path/../Frameworks",
					"@loader_path/../Frameworks",
				);
				PRODUCT_BUNDLE_IDENTIFIER = nu.ido.ku.gyatTests;
				PRODUCT_NAME = "$(TARGET_NAME)";
				SWIFT_VERSION = 4.2;
				TEST_HOST = "$(BUILT_PRODUCTS_DIR)/gyat.app/Contents/MacOS/gyat";
			};
			name = Release;
		};
/* End XCBuildConfiguration section */

/* Begin XCConfigurationList section */
		88CF0A7822465E3500CA6CFC /* Build configuration list for PBXProject "gyat" */ = {
			isa = XCConfigurationList;
			buildConfigurations = (
				88CF0A9422465E3700CA6CFC /* Debug */,
				88CF0A9522465E3700CA6CFC /* Release */,
			);
			defaultConfigurationIsVisible = 0;
			defaultConfigurationName = Release;
		};
		88CF0A9622465E3700CA6CFC /* Build configuration list for PBXNativeTarget "gyat" */ = {
			isa = XCConfigurationList;
			buildConfigurations = (
				88CF0A9722465E3700CA6CFC /* Debug */,
				88CF0A9822465E3700CA6CFC /* Release */,
			);
			defaultConfigurationIsVisible = 0;
			defaultConfigurationName = Release;
		};
		88CF0A9922465E3700CA6CFC /* Build configuration list for PBXNativeTarget "gyatTests" */ = {
			isa = XCConfigurationList;
			buildConfigurations = (
				88CF0A9A22465E3700CA6CFC /* Debug */,
				88CF0A9B22465E3700CA6CFC /* Release */,
			);
			defaultConfigurationIsVisible = 0;
			defaultConfigurationName = Release;
		};
/* End XCConfigurationList section */
	};
	rootObject = 88CF0A7522465E3500CA6CFC /* Project object */;
}
